// !$*UTF8*$!
{
	archiveVersion = 1;
	classes = {
	};
	objectVersion = 50;
	objects = {

/* Begin PBXBuildFile section */
		CF4E704624B82E65003B6D91 /* AppDelegate.swift in Sources */ = {isa = PBXBuildFile; fileRef = CF4E704524B82E65003B6D91 /* AppDelegate.swift */; };
		CF4E704824B82E66003B6D91 /* SceneDelegate.swift in Sources */ = {isa = PBXBuildFile; fileRef = CF4E704724B82E66003B6D91 /* SceneDelegate.swift */; };
		CF4E704A24B82E66003B6D91 /* HeadlineViewController.swift in Sources */ = {isa = PBXBuildFile; fileRef = CF4E704924B82E66003B6D91 /* HeadlineViewController.swift */; };
		CF4E704D24B82E66003B6D91 /* Main.storyboard in Resources */ = {isa = PBXBuildFile; fileRef = CF4E704B24B82E66003B6D91 /* Main.storyboard */; };
		CF4E704F24B82E6F003B6D91 /* Assets.xcassets in Resources */ = {isa = PBXBuildFile; fileRef = CF4E704E24B82E6F003B6D91 /* Assets.xcassets */; };
		CF4E705224B82E6F003B6D91 /* LaunchScreen.storyboard in Resources */ = {isa = PBXBuildFile; fileRef = CF4E705024B82E6F003B6D91 /* LaunchScreen.storyboard */; };
		CF4E706C24BCCB8E003B6D91 /* Response.swift in Sources */ = {isa = PBXBuildFile; fileRef = CF4E706B24BCCB8E003B6D91 /* Response.swift */; };
		CF4E706E24BCCBD0003B6D91 /* NetworkError.swift in Sources */ = {isa = PBXBuildFile; fileRef = CF4E706D24BCCBD0003B6D91 /* NetworkError.swift */; };
		CF4E707024BCCC1B003B6D91 /* Encoder.swift in Sources */ = {isa = PBXBuildFile; fileRef = CF4E706F24BCCC1B003B6D91 /* Encoder.swift */; };
		CF4E707224BCCC59003B6D91 /* Request.swift in Sources */ = {isa = PBXBuildFile; fileRef = CF4E707124BCCC59003B6D91 /* Request.swift */; };
		CF4E707424BCCCDF003B6D91 /* Constants.swift in Sources */ = {isa = PBXBuildFile; fileRef = CF4E707324BCCCDF003B6D91 /* Constants.swift */; };
		CF4E707624BCDBCF003B6D91 /* APIClient.swift in Sources */ = {isa = PBXBuildFile; fileRef = CF4E707524BCDBCF003B6D91 /* APIClient.swift */; };
		CF4E707824BCDC12003B6D91 /* Article.swift in Sources */ = {isa = PBXBuildFile; fileRef = CF4E707724BCDC12003B6D91 /* Article.swift */; };
		CF4E707A24BEDC42003B6D91 /* TopicsViewController.swift in Sources */ = {isa = PBXBuildFile; fileRef = CF4E707924BEDC42003B6D91 /* TopicsViewController.swift */; };
		CF4E707C24BEDC59003B6D91 /* ArticleViewController.swift in Sources */ = {isa = PBXBuildFile; fileRef = CF4E707B24BEDC59003B6D91 /* ArticleViewController.swift */; };
		CF4E707F24BF7FB2003B6D91 /* TopicSection.swift in Sources */ = {isa = PBXBuildFile; fileRef = CF4E707E24BF7FB0003B6D91 /* TopicSection.swift */; };
		CF4E708424BF80FF003B6D91 /* TopicCollectionViewCell.swift in Sources */ = {isa = PBXBuildFile; fileRef = CF4E708224BF80FE003B6D91 /* TopicCollectionViewCell.swift */; };
		CFF276B224C0F09C0095BE4C /* HeadlineTableViewCell.swift in Sources */ = {isa = PBXBuildFile; fileRef = CFF276B124C0F09B0095BE4C /* HeadlineTableViewCell.swift */; };
		F46426F564C995BFB6EB7C45 /* Pods_Newsstand.framework in Frameworks */ = {isa = PBXBuildFile; fileRef = 54B0B5AB1D9822F5057B7980 /* Pods_Newsstand.framework */; };
/* End PBXBuildFile section */

/* Begin PBXFileReference section */
		54B0B5AB1D9822F5057B7980 /* Pods_Newsstand.framework */ = {isa = PBXFileReference; explicitFileType = wrapper.framework; includeInIndex = 0; path = Pods_Newsstand.framework; sourceTree = BUILT_PRODUCTS_DIR; };
		A06F9C403072B74CB4BEAC35 /* Pods-Newsstand.debug.xcconfig */ = {isa = PBXFileReference; includeInIndex = 1; lastKnownFileType = text.xcconfig; name = "Pods-Newsstand.debug.xcconfig"; path = "Target Support Files/Pods-Newsstand/Pods-Newsstand.debug.xcconfig"; sourceTree = "<group>"; };
		B83FD022D11994FA2A608108 /* Pods-Newsstand.release.xcconfig */ = {isa = PBXFileReference; includeInIndex = 1; lastKnownFileType = text.xcconfig; name = "Pods-Newsstand.release.xcconfig"; path = "Target Support Files/Pods-Newsstand/Pods-Newsstand.release.xcconfig"; sourceTree = "<group>"; };
		CF4E704224B82E65003B6D91 /* Newsstand.app */ = {isa = PBXFileReference; explicitFileType = wrapper.application; includeInIndex = 0; path = Newsstand.app; sourceTree = BUILT_PRODUCTS_DIR; };
		CF4E704524B82E65003B6D91 /* AppDelegate.swift */ = {isa = PBXFileReference; lastKnownFileType = sourcecode.swift; path = AppDelegate.swift; sourceTree = "<group>"; };
		CF4E704724B82E66003B6D91 /* SceneDelegate.swift */ = {isa = PBXFileReference; lastKnownFileType = sourcecode.swift; path = SceneDelegate.swift; sourceTree = "<group>"; };
		CF4E704924B82E66003B6D91 /* HeadlineViewController.swift */ = {isa = PBXFileReference; lastKnownFileType = sourcecode.swift; path = HeadlineViewController.swift; sourceTree = "<group>"; };
		CF4E704C24B82E66003B6D91 /* Base */ = {isa = PBXFileReference; lastKnownFileType = file.storyboard; name = Base; path = Base.lproj/Main.storyboard; sourceTree = "<group>"; };
		CF4E704E24B82E6F003B6D91 /* Assets.xcassets */ = {isa = PBXFileReference; lastKnownFileType = folder.assetcatalog; path = Assets.xcassets; sourceTree = "<group>"; };
		CF4E705124B82E6F003B6D91 /* Base */ = {isa = PBXFileReference; lastKnownFileType = file.storyboard; name = Base; path = Base.lproj/LaunchScreen.storyboard; sourceTree = "<group>"; };
		CF4E705324B82E6F003B6D91 /* Info.plist */ = {isa = PBXFileReference; lastKnownFileType = text.plist.xml; path = Info.plist; sourceTree = "<group>"; };
		CF4E706B24BCCB8E003B6D91 /* Response.swift */ = {isa = PBXFileReference; lastKnownFileType = sourcecode.swift; path = Response.swift; sourceTree = "<group>"; };
		CF4E706D24BCCBD0003B6D91 /* NetworkError.swift */ = {isa = PBXFileReference; lastKnownFileType = sourcecode.swift; path = NetworkError.swift; sourceTree = "<group>"; };
		CF4E706F24BCCC1B003B6D91 /* Encoder.swift */ = {isa = PBXFileReference; lastKnownFileType = sourcecode.swift; path = Encoder.swift; sourceTree = "<group>"; };
		CF4E707124BCCC59003B6D91 /* Request.swift */ = {isa = PBXFileReference; lastKnownFileType = sourcecode.swift; path = Request.swift; sourceTree = "<group>"; };
		CF4E707324BCCCDF003B6D91 /* Constants.swift */ = {isa = PBXFileReference; lastKnownFileType = sourcecode.swift; path = Constants.swift; sourceTree = "<group>"; };
		CF4E707524BCDBCF003B6D91 /* APIClient.swift */ = {isa = PBXFileReference; lastKnownFileType = sourcecode.swift; path = APIClient.swift; sourceTree = "<group>"; };
		CF4E707724BCDC12003B6D91 /* Article.swift */ = {isa = PBXFileReference; lastKnownFileType = sourcecode.swift; path = Article.swift; sourceTree = "<group>"; };
		CF4E707924BEDC42003B6D91 /* TopicsViewController.swift */ = {isa = PBXFileReference; lastKnownFileType = sourcecode.swift; path = TopicsViewController.swift; sourceTree = "<group>"; };
		CF4E707B24BEDC59003B6D91 /* ArticleViewController.swift */ = {isa = PBXFileReference; lastKnownFileType = sourcecode.swift; path = ArticleViewController.swift; sourceTree = "<group>"; };
		CF4E707E24BF7FB0003B6D91 /* TopicSection.swift */ = {isa = PBXFileReference; lastKnownFileType = sourcecode.swift; path = TopicSection.swift; sourceTree = "<group>"; };
		CF4E708224BF80FE003B6D91 /* TopicCollectionViewCell.swift */ = {isa = PBXFileReference; lastKnownFileType = sourcecode.swift; path = TopicCollectionViewCell.swift; sourceTree = "<group>"; };
		CFF276B124C0F09B0095BE4C /* HeadlineTableViewCell.swift */ = {isa = PBXFileReference; lastKnownFileType = sourcecode.swift; path = HeadlineTableViewCell.swift; sourceTree = "<group>"; };
/* End PBXFileReference section */

/* Begin PBXFrameworksBuildPhase section */
		CF4E703F24B82E65003B6D91 /* Frameworks */ = {
			isa = PBXFrameworksBuildPhase;
			buildActionMask = 2147483647;
			files = (
				F46426F564C995BFB6EB7C45 /* Pods_Newsstand.framework in Frameworks */,
			);
			runOnlyForDeploymentPostprocessing = 0;
		};
/* End PBXFrameworksBuildPhase section */

/* Begin PBXGroup section */
		A6172AAF7DAAF9CEB691F3FF /* Frameworks */ = {
			isa = PBXGroup;
			children = (
				54B0B5AB1D9822F5057B7980 /* Pods_Newsstand.framework */,
			);
			name = Frameworks;
			sourceTree = "<group>";
		};
		BFFC74C13E4B1475D733D5ED /* Pods */ = {
			isa = PBXGroup;
			children = (
				A06F9C403072B74CB4BEAC35 /* Pods-Newsstand.debug.xcconfig */,
				B83FD022D11994FA2A608108 /* Pods-Newsstand.release.xcconfig */,
			);
			name = Pods;
			path = Pods;
			sourceTree = "<group>";
		};
		CF4E703924B82E65003B6D91 = {
			isa = PBXGroup;
			children = (
				CF4E704424B82E65003B6D91 /* Newsstand */,
				CF4E704324B82E65003B6D91 /* Products */,
				BFFC74C13E4B1475D733D5ED /* Pods */,
				A6172AAF7DAAF9CEB691F3FF /* Frameworks */,
			);
			sourceTree = "<group>";
		};
		CF4E704324B82E65003B6D91 /* Products */ = {
			isa = PBXGroup;
			children = (
				CF4E704224B82E65003B6D91 /* Newsstand.app */,
			);
			name = Products;
			sourceTree = "<group>";
		};
		CF4E704424B82E65003B6D91 /* Newsstand */ = {
			isa = PBXGroup;
			children = (
				CF4E707D24BF7F8B003B6D91 /* Sections */,
				CF4E706A24BCCB7B003B6D91 /* Networking */,
				CF4E706924BCCB71003B6D91 /* Models */,
				CF4E706824BCCB5F003B6D91 /* Views */,
				CF4E706724BCCB45003B6D91 /* Controllers */,
				CF4E704524B82E65003B6D91 /* AppDelegate.swift */,
				CF4E704724B82E66003B6D91 /* SceneDelegate.swift */,
				CF4E704B24B82E66003B6D91 /* Main.storyboard */,
				CF4E704E24B82E6F003B6D91 /* Assets.xcassets */,
				CF4E705024B82E6F003B6D91 /* LaunchScreen.storyboard */,
				CF4E705324B82E6F003B6D91 /* Info.plist */,
				CF4E707324BCCCDF003B6D91 /* Constants.swift */,
			);
			path = Newsstand;
			sourceTree = "<group>";
		};
		CF4E706724BCCB45003B6D91 /* Controllers */ = {
			isa = PBXGroup;
			children = (
				CF4E707924BEDC42003B6D91 /* TopicsViewController.swift */,
				CF4E704924B82E66003B6D91 /* HeadlineViewController.swift */,
				CF4E707B24BEDC59003B6D91 /* ArticleViewController.swift */,
			);
			path = Controllers;
			sourceTree = "<group>";
		};
		CF4E706824BCCB5F003B6D91 /* Views */ = {
			isa = PBXGroup;
			children = (
				CF4E708224BF80FE003B6D91 /* TopicCollectionViewCell.swift */,
				CFF276B124C0F09B0095BE4C /* HeadlineTableViewCell.swift */,
			);
			path = Views;
			sourceTree = "<group>";
		};
		CF4E706924BCCB71003B6D91 /* Models */ = {
			isa = PBXGroup;
			children = (
				CF4E707724BCDC12003B6D91 /* Article.swift */,
			);
			path = Models;
			sourceTree = "<group>";
		};
		CF4E706A24BCCB7B003B6D91 /* Networking */ = {
			isa = PBXGroup;
			children = (
				CF4E706B24BCCB8E003B6D91 /* Response.swift */,
				CF4E706F24BCCC1B003B6D91 /* Encoder.swift */,
				CF4E706D24BCCBD0003B6D91 /* NetworkError.swift */,
				CF4E707124BCCC59003B6D91 /* Request.swift */,
				CF4E707524BCDBCF003B6D91 /* APIClient.swift */,
			);
			path = Networking;
			sourceTree = "<group>";
		};
		CF4E707D24BF7F8B003B6D91 /* Sections */ = {
			isa = PBXGroup;
			children = (
				CF4E707E24BF7FB0003B6D91 /* TopicSection.swift */,
			);
			path = Sections;
			sourceTree = "<group>";
		};
/* End PBXGroup section */

/* Begin PBXNativeTarget section */
		CF4E704124B82E65003B6D91 /* Newsstand */ = {
			isa = PBXNativeTarget;
			buildConfigurationList = CF4E705624B82E6F003B6D91 /* Build configuration list for PBXNativeTarget "Newsstand" */;
			buildPhases = (
				83233A21F8C48E454B9E9A49 /* [CP] Check Pods Manifest.lock */,
				CF4E703E24B82E65003B6D91 /* Sources */,
				CF4E703F24B82E65003B6D91 /* Frameworks */,
				CF4E704024B82E65003B6D91 /* Resources */,
				98C8D53D305328897134B6BF /* [CP] Embed Pods Frameworks */,
			);
			buildRules = (
			);
			dependencies = (
			);
			name = Newsstand;
			productName = Newsstand;
			productReference = CF4E704224B82E65003B6D91 /* Newsstand.app */;
			productType = "com.apple.product-type.application";
		};
/* End PBXNativeTarget section */

/* Begin PBXProject section */
		CF4E703A24B82E65003B6D91 /* Project object */ = {
			isa = PBXProject;
			attributes = {
				LastSwiftUpdateCheck = 1130;
				LastUpgradeCheck = 1130;
				ORGANIZATIONNAME = "Anika Morris";
				TargetAttributes = {
					CF4E704124B82E65003B6D91 = {
						CreatedOnToolsVersion = 11.3.1;
					};
				};
			};
			buildConfigurationList = CF4E703D24B82E65003B6D91 /* Build configuration list for PBXProject "Newsstand" */;
			compatibilityVersion = "Xcode 9.3";
			developmentRegion = en;
			hasScannedForEncodings = 0;
			knownRegions = (
				en,
				Base,
			);
			mainGroup = CF4E703924B82E65003B6D91;
			productRefGroup = CF4E704324B82E65003B6D91 /* Products */;
			projectDirPath = "";
			projectRoot = "";
			targets = (
				CF4E704124B82E65003B6D91 /* Newsstand */,
			);
		};
/* End PBXProject section */

/* Begin PBXResourcesBuildPhase section */
		CF4E704024B82E65003B6D91 /* Resources */ = {
			isa = PBXResourcesBuildPhase;
			buildActionMask = 2147483647;
			files = (
				CF4E705224B82E6F003B6D91 /* LaunchScreen.storyboard in Resources */,
				CF4E704F24B82E6F003B6D91 /* Assets.xcassets in Resources */,
				CF4E704D24B82E66003B6D91 /* Main.storyboard in Resources */,
			);
			runOnlyForDeploymentPostprocessing = 0;
		};
/* End PBXResourcesBuildPhase section */

/* Begin PBXShellScriptBuildPhase section */
		83233A21F8C48E454B9E9A49 /* [CP] Check Pods Manifest.lock */ = {
			isa = PBXShellScriptBuildPhase;
			buildActionMask = 2147483647;
			files = (
			);
			inputFileListPaths = (
			);
			inputPaths = (
				"${PODS_PODFILE_DIR_PATH}/Podfile.lock",
				"${PODS_ROOT}/Manifest.lock",
			);
			name = "[CP] Check Pods Manifest.lock";
			outputFileListPaths = (
			);
			outputPaths = (
				"$(DERIVED_FILE_DIR)/Pods-Newsstand-checkManifestLockResult.txt",
			);
			runOnlyForDeploymentPostprocessing = 0;
			shellPath = /bin/sh;
			shellScript = "diff \"${PODS_PODFILE_DIR_PATH}/Podfile.lock\" \"${PODS_ROOT}/Manifest.lock\" > /dev/null\nif [ $? != 0 ] ; then\n    # print error to STDERR\n    echo \"error: The sandbox is not in sync with the Podfile.lock. Run 'pod install' or update your CocoaPods installation.\" >&2\n    exit 1\nfi\n# This output is used by Xcode 'outputs' to avoid re-running this script phase.\necho \"SUCCESS\" > \"${SCRIPT_OUTPUT_FILE_0}\"\n";
			showEnvVarsInLog = 0;
		};
		98C8D53D305328897134B6BF /* [CP] Embed Pods Frameworks */ = {
			isa = PBXShellScriptBuildPhase;
			buildActionMask = 2147483647;
			files = (
			);
			inputFileListPaths = (
				"${PODS_ROOT}/Target Support Files/Pods-Newsstand/Pods-Newsstand-frameworks-${CONFIGURATION}-input-files.xcfilelist",
			);
			name = "[CP] Embed Pods Frameworks";
			outputFileListPaths = (
				"${PODS_ROOT}/Target Support Files/Pods-Newsstand/Pods-Newsstand-frameworks-${CONFIGURATION}-output-files.xcfilelist",
			);
			runOnlyForDeploymentPostprocessing = 0;
			shellPath = /bin/sh;
			shellScript = "\"${PODS_ROOT}/Target Support Files/Pods-Newsstand/Pods-Newsstand-frameworks.sh\"\n";
			showEnvVarsInLog = 0;
		};
/* End PBXShellScriptBuildPhase section */

/* Begin PBXSourcesBuildPhase section */
		CF4E703E24B82E65003B6D91 /* Sources */ = {
			isa = PBXSourcesBuildPhase;
			buildActionMask = 2147483647;
			files = (
				CF4E706C24BCCB8E003B6D91 /* Response.swift in Sources */,
				CF4E707C24BEDC59003B6D91 /* ArticleViewController.swift in Sources */,
				CF4E704A24B82E66003B6D91 /* HeadlineViewController.swift in Sources */,
				CF4E707024BCCC1B003B6D91 /* Encoder.swift in Sources */,
				CF4E704624B82E65003B6D91 /* AppDelegate.swift in Sources */,
				CF4E707A24BEDC42003B6D91 /* TopicsViewController.swift in Sources */,
				CFF276B224C0F09C0095BE4C /* HeadlineTableViewCell.swift in Sources */,
				CF4E707824BCDC12003B6D91 /* Article.swift in Sources */,
				CF4E707224BCCC59003B6D91 /* Request.swift in Sources */,
				CF4E708424BF80FF003B6D91 /* TopicCollectionViewCell.swift in Sources */,
				CF4E704824B82E66003B6D91 /* SceneDelegate.swift in Sources */,
				CF4E706E24BCCBD0003B6D91 /* NetworkError.swift in Sources */,
				CF4E707424BCCCDF003B6D91 /* Constants.swift in Sources */,
				CF4E707624BCDBCF003B6D91 /* APIClient.swift in Sources */,
				CF4E707F24BF7FB2003B6D91 /* TopicSection.swift in Sources */,
			);
			runOnlyForDeploymentPostprocessing = 0;
		};
/* End PBXSourcesBuildPhase section */

/* Begin PBXVariantGroup section */
		CF4E704B24B82E66003B6D91 /* Main.storyboard */ = {
			isa = PBXVariantGroup;
			children = (
				CF4E704C24B82E66003B6D91 /* Base */,
			);
			name = Main.storyboard;
			sourceTree = "<group>";
		};
		CF4E705024B82E6F003B6D91 /* LaunchScreen.storyboard */ = {
			isa = PBXVariantGroup;
			children = (
				CF4E705124B82E6F003B6D91 /* Base */,
			);
			name = LaunchScreen.storyboard;
			sourceTree = "<group>";
		};
/* End PBXVariantGroup section */

/* Begin XCBuildConfiguration section */
		CF4E705424B82E6F003B6D91 /* Debug */ = {
			isa = XCBuildConfiguration;
			buildSettings = {
				ALWAYS_SEARCH_USER_PATHS = NO;
				CLANG_ANALYZER_NONNULL = YES;
				CLANG_ANALYZER_NUMBER_OBJECT_CONVERSION = YES_AGGRESSIVE;
				CLANG_CXX_LANGUAGE_STANDARD = "gnu++14";
				CLANG_CXX_LIBRARY = "libc++";
				CLANG_ENABLE_MODULES = YES;
				CLANG_ENABLE_OBJC_ARC = YES;
				CLANG_ENABLE_OBJC_WEAK = YES;
				CLANG_WARN_BLOCK_CAPTURE_AUTORELEASING = YES;
				CLANG_WARN_BOOL_CONVERSION = YES;
				CLANG_WARN_COMMA = YES;
				CLANG_WARN_CONSTANT_CONVERSION = YES;
				CLANG_WARN_DEPRECATED_OBJC_IMPLEMENTATIONS = YES;
				CLANG_WARN_DIRECT_OBJC_ISA_USAGE = YES_ERROR;
				CLANG_WARN_DOCUMENTATION_COMMENTS = YES;
				CLANG_WARN_EMPTY_BODY = YES;
				CLANG_WARN_ENUM_CONVERSION = YES;
				CLANG_WARN_INFINITE_RECURSION = YES;
				CLANG_WARN_INT_CONVERSION = YES;
				CLANG_WARN_NON_LITERAL_NULL_CONVERSION = YES;
				CLANG_WARN_OBJC_IMPLICIT_RETAIN_SELF = YES;
				CLANG_WARN_OBJC_LITERAL_CONVERSION = YES;
				CLANG_WARN_OBJC_ROOT_CLASS = YES_ERROR;
				CLANG_WARN_RANGE_LOOP_ANALYSIS = YES;
				CLANG_WARN_STRICT_PROTOTYPES = YES;
				CLANG_WARN_SUSPICIOUS_MOVE = YES;
				CLANG_WARN_UNGUARDED_AVAILABILITY = YES_AGGRESSIVE;
				CLANG_WARN_UNREACHABLE_CODE = YES;
				CLANG_WARN__DUPLICATE_METHOD_MATCH = YES;
				COPY_PHASE_STRIP = NO;
				DEBUG_INFORMATION_FORMAT = dwarf;
				ENABLE_STRICT_OBJC_MSGSEND = YES;
				ENABLE_TESTABILITY = YES;
				GCC_C_LANGUAGE_STANDARD = gnu11;
				GCC_DYNAMIC_NO_PIC = NO;
				GCC_NO_COMMON_BLOCKS = YES;
				GCC_OPTIMIZATION_LEVEL = 0;
				GCC_PREPROCESSOR_DEFINITIONS = (
					"DEBUG=1",
					"$(inherited)",
				);
				GCC_WARN_64_TO_32_BIT_CONVERSION = YES;
				GCC_WARN_ABOUT_RETURN_TYPE = YES_ERROR;
				GCC_WARN_UNDECLARED_SELECTOR = YES;
				GCC_WARN_UNINITIALIZED_AUTOS = YES_AGGRESSIVE;
				GCC_WARN_UNUSED_FUNCTION = YES;
				GCC_WARN_UNUSED_VARIABLE = YES;
				IPHONEOS_DEPLOYMENT_TARGET = 13.2;
				MTL_ENABLE_DEBUG_INFO = INCLUDE_SOURCE;
				MTL_FAST_MATH = YES;
				ONLY_ACTIVE_ARCH = YES;
				SDKROOT = iphoneos;
				SWIFT_ACTIVE_COMPILATION_CONDITIONS = DEBUG;
				SWIFT_OPTIMIZATION_LEVEL = "-Onone";
			};
			name = Debug;
		};
		CF4E705524B82E6F003B6D91 /* Release */ = {
			isa = XCBuildConfiguration;
			buildSettings = {
				ALWAYS_SEARCH_USER_PATHS = NO;
				CLANG_ANALYZER_NONNULL = YES;
				CLANG_ANALYZER_NUMBER_OBJECT_CONVERSION = YES_AGGRESSIVE;
				CLANG_CXX_LANGUAGE_STANDARD = "gnu++14";
				CLANG_CXX_LIBRARY = "libc++";
				CLANG_ENABLE_MODULES = YES;
				CLANG_ENABLE_OBJC_ARC = YES;
				CLANG_ENABLE_OBJC_WEAK = YES;
				CLANG_WARN_BLOCK_CAPTURE_AUTORELEASING = YES;
				CLANG_WARN_BOOL_CONVERSION = YES;
				CLANG_WARN_COMMA = YES;
				CLANG_WARN_CONSTANT_CONVERSION = YES;
				CLANG_WARN_DEPRECATED_OBJC_IMPLEMENTATIONS = YES;
				CLANG_WARN_DIRECT_OBJC_ISA_USAGE = YES_ERROR;
				CLANG_WARN_DOCUMENTATION_COMMENTS = YES;
				CLANG_WARN_EMPTY_BODY = YES;
				CLANG_WARN_ENUM_CONVERSION = YES;
				CLANG_WARN_INFINITE_RECURSION = YES;
				CLANG_WARN_INT_CONVERSION = YES;
				CLANG_WARN_NON_LITERAL_NULL_CONVERSION = YES;
				CLANG_WARN_OBJC_IMPLICIT_RETAIN_SELF = YES;
				CLANG_WARN_OBJC_LITERAL_CONVERSION = YES;
				CLANG_WARN_OBJC_ROOT_CLASS = YES_ERROR;
				CLANG_WARN_RANGE_LOOP_ANALYSIS = YES;
				CLANG_WARN_STRICT_PROTOTYPES = YES;
				CLANG_WARN_SUSPICIOUS_MOVE = YES;
				CLANG_WARN_UNGUARDED_AVAILABILITY = YES_AGGRESSIVE;
				CLANG_WARN_UNREACHABLE_CODE = YES;
				CLANG_WARN__DUPLICATE_METHOD_MATCH = YES;
				COPY_PHASE_STRIP = NO;
				DEBUG_INFORMATION_FORMAT = "dwarf-with-dsym";
				ENABLE_NS_ASSERTIONS = NO;
				ENABLE_STRICT_OBJC_MSGSEND = YES;
				GCC_C_LANGUAGE_STANDARD = gnu11;
				GCC_NO_COMMON_BLOCKS = YES;
				GCC_WARN_64_TO_32_BIT_CONVERSION = YES;
				GCC_WARN_ABOUT_RETURN_TYPE = YES_ERROR;
				GCC_WARN_UNDECLARED_SELECTOR = YES;
				GCC_WARN_UNINITIALIZED_AUTOS = YES_AGGRESSIVE;
				GCC_WARN_UNUSED_FUNCTION = YES;
				GCC_WARN_UNUSED_VARIABLE = YES;
				IPHONEOS_DEPLOYMENT_TARGET = 13.2;
				MTL_ENABLE_DEBUG_INFO = NO;
				MTL_FAST_MATH = YES;
				SDKROOT = iphoneos;
				SWIFT_COMPILATION_MODE = wholemodule;
				SWIFT_OPTIMIZATION_LEVEL = "-O";
				VALIDATE_PRODUCT = YES;
			};
			name = Release;
		};
		CF4E705724B82E6F003B6D91 /* Debug */ = {
			isa = XCBuildConfiguration;
			baseConfigurationReference = A06F9C403072B74CB4BEAC35 /* Pods-Newsstand.debug.xcconfig */;
			buildSettings = {
				ASSETCATALOG_COMPILER_APPICON_NAME = AppIcon;
				CODE_SIGN_STYLE = Automatic;
				DEVELOPMENT_TEAM = HXYM5H2DXG;
				INFOPLIST_FILE = Newsstand/Info.plist;
				LD_RUNPATH_SEARCH_PATHS = (
					"$(inherited)",
					"@executable_path/Frameworks",
				);
				PRODUCT_BUNDLE_IDENTIFIER = com.anikamorris.Newsstand;
				PRODUCT_NAME = "$(TARGET_NAME)";
				SWIFT_VERSION = 5.0;
				TARGETED_DEVICE_FAMILY = "1,2";
			};
			name = Debug;
		};
		CF4E705824B82E6F003B6D91 /* Release */ = {
			isa = XCBuildConfiguration;
			baseConfigurationReference = B83FD022D11994FA2A608108 /* Pods-Newsstand.release.xcconfig */;
			buildSettings = {
				ASSETCATALOG_COMPILER_APPICON_NAME = AppIcon;
				CODE_SIGN_STYLE = Automatic;
				DEVELOPMENT_TEAM = HXYM5H2DXG;
				INFOPLIST_FILE = Newsstand/Info.plist;
				LD_RUNPATH_SEARCH_PATHS = (
					"$(inherited)",
					"@executable_path/Frameworks",
				);
				PRODUCT_BUNDLE_IDENTIFIER = com.anikamorris.Newsstand;
				PRODUCT_NAME = "$(TARGET_NAME)";
				SWIFT_VERSION = 5.0;
				TARGETED_DEVICE_FAMILY = "1,2";
			};
			name = Release;
		};
/* End XCBuildConfiguration section */

/* Begin XCConfigurationList section */
		CF4E703D24B82E65003B6D91 /* Build configuration list for PBXProject "Newsstand" */ = {
			isa = XCConfigurationList;
			buildConfigurations = (
				CF4E705424B82E6F003B6D91 /* Debug */,
				CF4E705524B82E6F003B6D91 /* Release */,
			);
			defaultConfigurationIsVisible = 0;
			defaultConfigurationName = Release;
		};
		CF4E705624B82E6F003B6D91 /* Build configuration list for PBXNativeTarget "Newsstand" */ = {
			isa = XCConfigurationList;
			buildConfigurations = (
				CF4E705724B82E6F003B6D91 /* Debug */,
				CF4E705824B82E6F003B6D91 /* Release */,
			);
			defaultConfigurationIsVisible = 0;
			defaultConfigurationName = Release;
		};
/* End XCConfigurationList section */
	};
	rootObject = CF4E703A24B82E65003B6D91 /* Project object */;
}
